# THIS IS AN AUTOGENERATED FILE. DO NOT EDIT THIS FILE DIRECTLY.
# yarn lockfile v1
daggy@0.0.x:
  version "0.0.1"
  resolved "https://registry.yarnpkg.com/daggy/-/daggy-0.0.1.tgz#ae9c932c9f7136e655a04afb21e8baadfd0d3707"

fantasy-combinators@0.0.x:
  version "0.0.1"
  resolved "https://registry.yarnpkg.com/fantasy-combinators/-/fantasy-combinators-0.0.1.tgz#d18388aed94be790ac4069031f5ea018345e33a1"

fantasy-land@^0.2.1:
  version "0.2.1"
  resolved "https://registry.yarnpkg.com/fantasy-land/-/fantasy-land-0.2.1.tgz#eb6a353f0f9cb9cd9e4ecd194d8e69390da79f32"
  dependencies:
    daggy "0.0.x"
    fantasy-combinators "0.0.x"

folktale:
  version "2.0.0-alpha1"
  resolved "https://registry.yarnpkg.com/folktale/-/folktale-2.0.0-alpha1.tgz#011902f97b4c3c055d9dcb95d7d38a03619016b2"
  dependencies:
    fantasy-land "^0.2.1"

